
Microsoft Visual Studio Solution File, Format Version 12.00
# Visual Studio 15
VisualStudioVersion = 15.0.27703.2026
MinimumVisualStudioVersion = 10.0.40219.1
Project("{FAE04EC0-301F-11D3-BF4B-00C04F79EFBC}") = "EntityFrameworkCore21", "EntityFrameworkCore21\EntityFrameworkCore21.csproj", "{905D6605-41DC-4340-AF75-99B5FF082C59}"
EndProject
Global
	GlobalSection(SolutionConfigurationPlatforms) = preSolution
		Debug|Any CPU = Debug|Any CPU
		Release|Any CPU = Release|Any CPU
	EndGlobalSection
	GlobalSection(ProjectConfigurationPlatforms) = postSolution
		{905D6605-41DC-4340-AF75-99B5FF082C59}.Debug|Any CPU.ActiveCfg = Debug|Any CPU
		{905D6605-41DC-4340-AF75-99B5FF082C59}.Debug|Any CPU.Build.0 = Debug|Any CPU
		{905D6605-41DC-4340-AF75-99B5FF082C59}.Release|Any CPU.ActiveCfg = Release|Any CPU
		{905D6605-41DC-4340-AF75-99B5FF082C59}.Release|Any CPU.Build.0 = Release|Any CPU
	EndGlobalSection
	GlobalSection(SolutionProperties) = preSolution
		HideSolutionNode = FALSE
	EndGlobalSection
	GlobalSection(ExtensibilityGlobals) = postSolution
		SolutionGuid = {824D90DE-86E2-4D5E-8861-C96693CDD1AD}
	EndGlobalSection
EndGlobal
